<?xml version="1.0" encoding="utf-8"?>
<Project ToolsVersion="4.0" xmlns="http://schemas.microsoft.com/developer/msbuild/2003">
  <ItemGroup>
    <Filter Include="헤더 파일">
      <UniqueIdentifier>{93995380-89BD-4b04-88EB-625FBE52EBFB}</UniqueIdentifier>
      <Extensions>h;hh;hpp;hxx;h++;hm;inl;inc;ipp;xsd</Extensions>
    </Filter>
    <Filter Include="리소스 파일">
      <UniqueIdentifier>{67DA6AB6-F800-4c08-8B7A-83BB121AAD01}</UniqueIdentifier>
      <Extensions>rc;ico;cur;bmp;dlg;rc2;rct;bin;rgs;gif;jpg;jpeg;jpe;resx;tiff;tif;png;wav;mfcribbon-ms</Extensions>
    </Filter>
    <Filter Include="01. Engine">
      <UniqueIdentifier>{6d15b0e0-aefd-4467-9cd2-e88044bf135f}</UniqueIdentifier>
    </Filter>
    <Filter Include="01. Engine\01. Error">
      <UniqueIdentifier>{b03792d0-73c5-4bf6-9e24-dd077f4802fc}</UniqueIdentifier>
    </Filter>
    <Filter Include="01. Engine\02. Timer">
      <UniqueIdentifier>{02f4a1ce-2f9c-486c-8a43-5dcd5011d58a}</UniqueIdentifier>
    </Filter>
    <Filter Include="01. Engine\00. Header">
      <UniqueIdentifier>{86a10883-f8b8-4bed-9a83-bff7f98e20b0}</UniqueIdentifier>
    </Filter>
    <Filter Include="01. Engine\03. Input">
      <UniqueIdentifier>{8a12cbf6-9651-4f12-b137-73625c97d949}</UniqueIdentifier>
    </Filter>
    <Filter Include="소스 파일">
      <UniqueIdentifier>{4FC737F1-C7A5-4376-A066-2A32D752A2FF}</UniqueIdentifier>
      <Extensions>cpp;c;cc;cxx;c++;cppm;ixx;def;odl;idl;hpj;bat;asm;asmx</Extensions>
    </Filter>
    <Filter Include="01. Engine\04. Graphics">
      <UniqueIdentifier>{b95fcd69-9b26-48b4-8eff-3390d2ef67e1}</UniqueIdentifier>
    </Filter>
    <Filter Include="01. Engine\04. Graphics\01. UI">
      <UniqueIdentifier>{6956c62a-3aa1-410a-9316-4adb2b6fd601}</UniqueIdentifier>
    </Filter>
    <Filter Include="01. Engine\05. Math">
      <UniqueIdentifier>{536037ed-2832-403f-8d0f-52ab7f01cac2}</UniqueIdentifier>
    </Filter>
    <Filter Include="01. Engine\06. Util">
      <UniqueIdentifier>{bf138edb-ae57-4b53-8831-3fa0661b775e}</UniqueIdentifier>
    </Filter>
    <Filter Include="01. Engine\04. Graphics\04. Resource">
      <UniqueIdentifier>{d328d9ce-2be8-4355-8e10-6d94e69eb2b3}</UniqueIdentifier>
    </Filter>
    <Filter Include="01. Engine\04. Graphics\04. Resource\01. Geometry">
      <UniqueIdentifier>{493e98dd-a9b6-443f-b408-076077785fb7}</UniqueIdentifier>
    </Filter>
    <Filter Include="01. Engine\04. Graphics\05. Light">
      <UniqueIdentifier>{0edc8043-6573-44ed-87e4-eb2cb13aa936}</UniqueIdentifier>
    </Filter>
    <Filter Include="02. Game">
      <UniqueIdentifier>{a2947af3-f036-49f4-848b-144f80d7818a}</UniqueIdentifier>
    </Filter>
    <Filter Include="03. Simulator">
      <UniqueIdentifier>{a9571966-a258-4072-89b1-7e9668547cc6}</UniqueIdentifier>
    </Filter>
    <Filter Include="01. Engine\04. Graphics\00. DirectX Util">
      <UniqueIdentifier>{b8372b11-8da0-4f2d-9a39-814ceb165e09}</UniqueIdentifier>
    </Filter>
    <Filter Include="01. Engine\04. Graphics\02. Buffer">
      <UniqueIdentifier>{cdeefe4b-06fe-4f94-8180-5e7b4fbb2638}</UniqueIdentifier>
    </Filter>
    <Filter Include="01. Engine\04. Graphics\03. Shader">
      <UniqueIdentifier>{f8ab170f-05d1-49a1-bd11-4f725e299f09}</UniqueIdentifier>
    </Filter>
    <Filter Include="01. Engine\04. Graphics\06. Camera">
      <UniqueIdentifier>{24b2b673-a9bf-48ff-90de-96a78b3b9943}</UniqueIdentifier>
    </Filter>
    <Filter Include="01. Engine\04. Graphics\04. Resource\02. Texture">
      <UniqueIdentifier>{1542b6c1-058a-444f-91d7-bbae2c1bad5a}</UniqueIdentifier>
    </Filter>
    <Filter Include="03. Simulator\01. Shader">
      <UniqueIdentifier>{30f1e635-fd19-4b90-82b2-244d703d57c1}</UniqueIdentifier>
    </Filter>
    <Filter Include="03. Simulator\02. Type">
      <UniqueIdentifier>{b1c0d230-0f85-4312-91c5-3b5de26d03b1}</UniqueIdentifier>
    </Filter>
    <Filter Include="01. Engine\07. Scene">
      <UniqueIdentifier>{4c085257-5497-44c2-94de-dfe787d55396}</UniqueIdentifier>
    </Filter>
  </ItemGroup>
  <ItemGroup>
    <ClInclude Include="Core.h">
      <Filter>01. Engine</Filter>
    </ClInclude>
    <ClInclude Include="StringConverter.h">
      <Filter>01. Engine\01. Error</Filter>
    </ClInclude>
    <ClInclude Include="Game.h">
      <Filter>01. Engine\00. Header</Filter>
    </ClInclude>
    <ClInclude Include="Resource.h">
      <Filter>01. Engine\00. Header</Filter>
    </ClInclude>
    <ClInclude Include="targetver.h">
      <Filter>01. Engine\00. Header</Filter>
    </ClInclude>
    <ClInclude Include="Type.h">
      <Filter>01. Engine\00. Header</Filter>
    </ClInclude>
    <ClInclude Include="Timer.h">
      <Filter>01. Engine\02. Timer</Filter>
    </ClInclude>
    <ClInclude Include="Input.h">
      <Filter>01. Engine\03. Input</Filter>
    </ClInclude>
    <ClInclude Include="Macro.h">
      <Filter>01. Engine\00. Header</Filter>
    </ClInclude>
    <ClInclude Include="ErrorLogger.h">
      <Filter>01. Engine\01. Error</Filter>
    </ClInclude>
    <ClInclude Include="DxException.h">
      <Filter>01. Engine\01. Error</Filter>
    </ClInclude>
    <ClInclude Include="MathHelper.h">
      <Filter>01. Engine\05. Math</Filter>
    </ClInclude>
    <ClInclude Include="Graphics\UploadBuffer.h">
      <Filter>01. Engine\04. Graphics\02. Buffer</Filter>
    </ClInclude>
    <ClInclude Include="Util.h">
      <Filter>01. Engine\06. Util</Filter>
    </ClInclude>
    <ClInclude Include="Graphics\FrameResource.h">
      <Filter>01. Engine\04. Graphics\04. Resource</Filter>
    </ClInclude>
    <ClInclude Include="Graphics\RenderItem.h">
      <Filter>01. Engine\04. Graphics\04. Resource</Filter>
    </ClInclude>
    <ClInclude Include="Graphics\GeometryGenerator.h">
      <Filter>01. Engine\04. Graphics\04. Resource\01. Geometry</Filter>
    </ClInclude>
    <ClInclude Include="Graphics\Material.h">
      <Filter>01. Engine\04. Graphics\04. Resource</Filter>
    </ClInclude>
    <ClInclude Include="WaveSimulator.h">
      <Filter>03. Simulator</Filter>
    </ClInclude>
    <ClInclude Include="Wave.h">
      <Filter>03. Simulator</Filter>
    </ClInclude>
    <ClInclude Include="FroKEngine.h">
      <Filter>02. Game</Filter>
    </ClInclude>
    <ClInclude Include="Graphics\d3dx12.h">
      <Filter>01. Engine\04. Graphics\00. DirectX Util</Filter>
    </ClInclude>
    <ClInclude Include="Graphics\Texture\DDSTextureLoader.h">
      <Filter>01. Engine\04. Graphics\00. DirectX Util</Filter>
    </ClInclude>
    <ClInclude Include="Graphics\Camera.h">
      <Filter>헤더 파일</Filter>
    </ClInclude>
    <ClInclude Include="Graphics\Texture\Texture.h">
      <Filter>01. Engine\04. Graphics\04. Resource\02. Texture</Filter>
    </ClInclude>
    <ClInclude Include="TreeSpriteVertex.h">
      <Filter>03. Simulator\02. Type</Filter>
    </ClInclude>
  </ItemGroup>
  <ItemGroup>
    <ClCompile Include="FroKEngine.cpp">
      <Filter>소스 파일</Filter>
    </ClCompile>
    <ClCompile Include="Core.cpp">
      <Filter>01. Engine</Filter>
    </ClCompile>
    <ClCompile Include="StringConverter.cpp">
      <Filter>01. Engine\01. Error</Filter>
    </ClCompile>
    <ClCompile Include="Timer.cpp">
      <Filter>01. Engine\02. Timer</Filter>
    </ClCompile>
    <ClCompile Include="Input.cpp">
      <Filter>01. Engine\03. Input</Filter>
    </ClCompile>
    <ClCompile Include="ErrorLogger.cpp">
      <Filter>01. Engine\01. Error</Filter>
    </ClCompile>
    <ClCompile Include="DxException.cpp">
      <Filter>01. Engine\01. Error</Filter>
    </ClCompile>
    <ClCompile Include="MathHelper.cpp">
      <Filter>01. Engine\05. Math</Filter>
    </ClCompile>
    <ClCompile Include="Graphics\FrameResource.cpp">
      <Filter>01. Engine\04. Graphics\04. Resource</Filter>
    </ClCompile>
    <ClCompile Include="Graphics\GeometryGenerator.cpp">
      <Filter>01. Engine\04. Graphics\04. Resource\01. Geometry</Filter>
    </ClCompile>
    <ClCompile Include="Wave.cpp">
      <Filter>03. Simulator</Filter>
    </ClCompile>
    <ClCompile Include="Graphics\Texture\DDSTextureLoader.cpp">
      <Filter>01. Engine\04. Graphics\00. DirectX Util</Filter>
    </ClCompile>
    <ClCompile Include="Graphics\Camera.cpp">
      <Filter>소스 파일</Filter>
    </ClCompile>
  </ItemGroup>
  <ItemGroup>
    <ResourceCompile Include="FroKEngine.rc">
      <Filter>리소스 파일</Filter>
    </ResourceCompile>
  </ItemGroup>
  <ItemGroup>
    <Image Include="small.ico">
      <Filter>리소스 파일</Filter>
    </Image>
    <Image Include="FroKEngine.ico">
      <Filter>리소스 파일</Filter>
    </Image>
  </ItemGroup>
  <ItemGroup>
    <FxCompile Include="Graphics\Shader\color.hlsl">
      <Filter>01. Engine\04. Graphics\03. Shader</Filter>
    </FxCompile>
    <FxCompile Include="Graphics\Shader\Default.hlsl">
      <Filter>01. Engine\04. Graphics\03. Shader</Filter>
    </FxCompile>
    <FxCompile Include="Graphics\Shader\LightingUtils.hlsl">
      <Filter>01. Engine\04. Graphics\03. Shader</Filter>
    </FxCompile>
    <FxCompile Include="Graphics\Shader\TexDefault.hlsl">
      <Filter>01. Engine\04. Graphics\03. Shader</Filter>
    </FxCompile>
    <FxCompile Include="Graphics\Shader\BlendDefault.hlsl">
      <Filter>03. Simulator\01. Shader</Filter>
    </FxCompile>
    <FxCompile Include="Graphics\Shader\GeometryShader.hlsl">
      <Filter>03. Simulator\01. Shader</Filter>
    </FxCompile>
  </ItemGroup>
</Project>